lockfileVersion: '6.0'

settings:
  autoInstallPeers: true
  excludeLinksFromLockfile: false

dependencies:
  ag-charts-enterprise:
    specifier: ^10.1.0
    version: 10.2.0

packages:

  /ag-charts-community@10.2.0:
    resolution: {integrity: sha512-zRB5xvMj14Mli8kEmcy4wDBzJpdOF7+3yqCXrr8ug3sGjMlAJaf33Vu6qqxzlS/Vpip6TNvjPK9Q6RdtDHslRw==}
    dependencies:
      ag-charts-locale: 10.2.0
      ag-charts-types: 10.2.0
    dev: false

  /ag-charts-enterprise@10.2.0:
    resolution: {integrity: sha512-axH+0NAUAuN//r2h28jBIw92P9jj7Fdlr6/FLqqZRQ6oMOUXNeeDY1t6sG6stQIR4JNahLN2YCAixfqXmeRfnQ==}
    dependencies:
      ag-charts-community: 10.2.0
    dev: false

  /ag-charts-locale@10.2.0:
    resolution: {integrity: sha512-JAwuJFXwoVE94YFuwo1ZtnCJa4rFLQna+t2xT5qT2KUaohVPHB+Zd8ivP62lOv9j2ZgzSg4WANBo2UT1LCtl2Q==}
    dev: false

  /ag-charts-types@10.2.0:
    resolution: {integrity: sha512-PUqH1QtugpYLnlbMdeSZVf5PpT1XZVsP69qN1JXhetLtQpVC28zaj7ikwu9CMA9N9b+dBboA9QcjUQUJZVUokQ==}
    dev: false
